
Microsoft Visual Studio Solution File, Format Version 12.00
# Visual Studio Version 17
VisualStudioVersion = 17.7.34031.279
MinimumVisualStudioVersion = 10.0.40219.1
Project("{FAE04EC0-301F-11D3-BF4B-00C04F79EFBC}") = "BLL", "BLL\BLL.csproj", "{63F2CDEB-D4E3-46FA-993E-AFC8F0FF4338}"
EndProject
Project("{FAE04EC0-301F-11D3-BF4B-00C04F79EFBC}") = "DAL", "DAL\DAL.csproj", "{7C837457-8557-493A-9149-61E49B7A6E49}"
EndProject
Project("{FAE04EC0-301F-11D3-BF4B-00C04F79EFBC}") = "DTO", "DTO\DTO.csproj", "{D7C6FA0D-5985-450A-A6D7-8EB9B707F7B9}"
EndProject
Project("{FAE04EC0-301F-11D3-BF4B-00C04F79EFBC}") = "GUI", "GUI\GUI.csproj", "{89EC2CEF-4A8C-4CD9-B07D-61C3A077AEDF}"
EndProject
Global
	GlobalSection(SolutionConfigurationPlatforms) = preSolution
		Debug|Any CPU = Debug|Any CPU
		Release|Any CPU = Release|Any CPU
	EndGlobalSection
	GlobalSection(ProjectConfigurationPlatforms) = postSolution
		{63F2CDEB-D4E3-46FA-993E-AFC8F0FF4338}.Debug|Any CPU.ActiveCfg = Debug|Any CPU
		{63F2CDEB-D4E3-46FA-993E-AFC8F0FF4338}.Debug|Any CPU.Build.0 = Debug|Any CPU
		{63F2CDEB-D4E3-46FA-993E-AFC8F0FF4338}.Release|Any CPU.ActiveCfg = Release|Any CPU
		{63F2CDEB-D4E3-46FA-993E-AFC8F0FF4338}.Release|Any CPU.Build.0 = Release|Any CPU
		{7C837457-8557-493A-9149-61E49B7A6E49}.Debug|Any CPU.ActiveCfg = Debug|Any CPU
		{7C837457-8557-493A-9149-61E49B7A6E49}.Debug|Any CPU.Build.0 = Debug|Any CPU
		{7C837457-8557-493A-9149-61E49B7A6E49}.Release|Any CPU.ActiveCfg = Release|Any CPU
		{7C837457-8557-493A-9149-61E49B7A6E49}.Release|Any CPU.Build.0 = Release|Any CPU
		{D7C6FA0D-5985-450A-A6D7-8EB9B707F7B9}.Debug|Any CPU.ActiveCfg = Debug|Any CPU
		{D7C6FA0D-5985-450A-A6D7-8EB9B707F7B9}.Debug|Any CPU.Build.0 = Debug|Any CPU
		{D7C6FA0D-5985-450A-A6D7-8EB9B707F7B9}.Release|Any CPU.ActiveCfg = Release|Any CPU
		{D7C6FA0D-5985-450A-A6D7-8EB9B707F7B9}.Release|Any CPU.Build.0 = Release|Any CPU
		{89EC2CEF-4A8C-4CD9-B07D-61C3A077AEDF}.Debug|Any CPU.ActiveCfg = Debug|Any CPU
		{89EC2CEF-4A8C-4CD9-B07D-61C3A077AEDF}.Debug|Any CPU.Build.0 = Debug|Any CPU
		{89EC2CEF-4A8C-4CD9-B07D-61C3A077AEDF}.Release|Any CPU.ActiveCfg = Release|Any CPU
		{89EC2CEF-4A8C-4CD9-B07D-61C3A077AEDF}.Release|Any CPU.Build.0 = Release|Any CPU
	EndGlobalSection
	GlobalSection(SolutionProperties) = preSolution
		HideSolutionNode = FALSE
	EndGlobalSection
	GlobalSection(ExtensibilityGlobals) = postSolution
		SolutionGuid = {AF97D4DE-9F36-431C-94B8-1A72F6C1943A}
	EndGlobalSection
EndGlobal
